// !$*UTF8*$!
{
	archiveVersion = 1;
	classes = {
	};
	objectVersion = 46;
	objects = {

/* Begin PBXBuildFile section */
		B829668F1E080C0C00D558AC /* MainViewController.m in Sources */ = {isa = PBXBuildFile; fileRef = B829668E1E080C0C00D558AC /* MainViewController.m */; };
		B82966931E080C4D00D558AC /* HLViewController.m in Sources */ = {isa = PBXBuildFile; fileRef = B82966911E080C4D00D558AC /* HLViewController.m */; };
		B82966941E080C4D00D558AC /* HLViewController.xib in Resources */ = {isa = PBXBuildFile; fileRef = B82966921E080C4D00D558AC /* HLViewController.xib */; };
		B82966981E080F2500D558AC /* UIColor+RandomColor.m in Sources */ = {isa = PBXBuildFile; fileRef = B82966971E080F2500D558AC /* UIColor+RandomColor.m */; };
		B829669B1E080FBE00D558AC /* backImage@2x.png in Resources */ = {isa = PBXBuildFile; fileRef = B82966991E080FBE00D558AC /* backImage@2x.png */; };
		B829669C1E080FBE00D558AC /* backImage@3x.png in Resources */ = {isa = PBXBuildFile; fileRef = B829669A1E080FBE00D558AC /* backImage@3x.png */; };
		B88A33FB1E07A76B00741B0D /* main.m in Sources */ = {isa = PBXBuildFile; fileRef = B88A33FA1E07A76B00741B0D /* main.m */; };
		B88A33FE1E07A76B00741B0D /* AppDelegate.m in Sources */ = {isa = PBXBuildFile; fileRef = B88A33FD1E07A76B00741B0D /* AppDelegate.m */; };
		B88A34011E07A76B00741B0D /* ViewController.m in Sources */ = {isa = PBXBuildFile; fileRef = B88A34001E07A76B00741B0D /* ViewController.m */; };
		B88A34041E07A76B00741B0D /* Main.storyboard in Resources */ = {isa = PBXBuildFile; fileRef = B88A34021E07A76B00741B0D /* Main.storyboard */; };
		B88A34061E07A76B00741B0D /* Assets.xcassets in Resources */ = {isa = PBXBuildFile; fileRef = B88A34051E07A76B00741B0D /* Assets.xcassets */; };
		B88A34091E07A76B00741B0D /* LaunchScreen.storyboard in Resources */ = {isa = PBXBuildFile; fileRef = B88A34071E07A76B00741B0D /* LaunchScreen.storyboard */; };
		B88A34131E07A9D400741B0D /* HLNavigationController.m in Sources */ = {isa = PBXBuildFile; fileRef = B88A34121E07A9D400741B0D /* HLNavigationController.m */; };
		B88A34191E07ACD100741B0D /* UIViewController+HLNavigationExtension.m in Sources */ = {isa = PBXBuildFile; fileRef = B88A34181E07ACD100741B0D /* UIViewController+HLNavigationExtension.m */; };
/* End PBXBuildFile section */

/* Begin PBXFileReference section */
		B829668D1E080C0C00D558AC /* MainViewController.h */ = {isa = PBXFileReference; fileEncoding = 4; lastKnownFileType = sourcecode.c.h; path = MainViewController.h; sourceTree = "<group>"; };
		B829668E1E080C0C00D558AC /* MainViewController.m */ = {isa = PBXFileReference; fileEncoding = 4; lastKnownFileType = sourcecode.c.objc; path = MainViewController.m; sourceTree = "<group>"; };
		B82966901E080C4D00D558AC /* HLViewController.h */ = {isa = PBXFileReference; fileEncoding = 4; lastKnownFileType = sourcecode.c.h; path = HLViewController.h; sourceTree = "<group>"; };
		B82966911E080C4D00D558AC /* HLViewController.m */ = {isa = PBXFileReference; fileEncoding = 4; lastKnownFileType = sourcecode.c.objc; path = HLViewController.m; sourceTree = "<group>"; };
		B82966921E080C4D00D558AC /* HLViewController.xib */ = {isa = PBXFileReference; fileEncoding = 4; lastKnownFileType = file.xib; path = HLViewController.xib; sourceTree = "<group>"; };
		B82966961E080F2500D558AC /* UIColor+RandomColor.h */ = {isa = PBXFileReference; fileEncoding = 4; lastKnownFileType = sourcecode.c.h; path = "UIColor+RandomColor.h"; sourceTree = "<group>"; };
		B82966971E080F2500D558AC /* UIColor+RandomColor.m */ = {isa = PBXFileReference; fileEncoding = 4; lastKnownFileType = sourcecode.c.objc; path = "UIColor+RandomColor.m"; sourceTree = "<group>"; };
		B82966991E080FBE00D558AC /* backImage@2x.png */ = {isa = PBXFileReference; lastKnownFileType = image.png; path = "backImage@2x.png"; sourceTree = "<group>"; };
		B829669A1E080FBE00D558AC /* backImage@3x.png */ = {isa = PBXFileReference; lastKnownFileType = image.png; path = "backImage@3x.png"; sourceTree = "<group>"; };
		B88A33F61E07A76B00741B0D /* HLNavigationController.app */ = {isa = PBXFileReference; explicitFileType = wrapper.application; includeInIndex = 0; path = HLNavigationController.app; sourceTree = BUILT_PRODUCTS_DIR; };
		B88A33FA1E07A76B00741B0D /* main.m */ = {isa = PBXFileReference; lastKnownFileType = sourcecode.c.objc; path = main.m; sourceTree = "<group>"; };
		B88A33FC1E07A76B00741B0D /* AppDelegate.h */ = {isa = PBXFileReference; lastKnownFileType = sourcecode.c.h; path = AppDelegate.h; sourceTree = "<group>"; };
		B88A33FD1E07A76B00741B0D /* AppDelegate.m */ = {isa = PBXFileReference; lastKnownFileType = sourcecode.c.objc; path = AppDelegate.m; sourceTree = "<group>"; };
		B88A33FF1E07A76B00741B0D /* ViewController.h */ = {isa = PBXFileReference; lastKnownFileType = sourcecode.c.h; path = ViewController.h; sourceTree = "<group>"; };
		B88A34001E07A76B00741B0D /* ViewController.m */ = {isa = PBXFileReference; lastKnownFileType = sourcecode.c.objc; path = ViewController.m; sourceTree = "<group>"; };
		B88A34031E07A76B00741B0D /* Base */ = {isa = PBXFileReference; lastKnownFileType = file.storyboard; name = Base; path = Base.lproj/Main.storyboard; sourceTree = "<group>"; };
		B88A34051E07A76B00741B0D /* Assets.xcassets */ = {isa = PBXFileReference; lastKnownFileType = folder.assetcatalog; path = Assets.xcassets; sourceTree = "<group>"; };
		B88A34081E07A76B00741B0D /* Base */ = {isa = PBXFileReference; lastKnownFileType = file.storyboard; name = Base; path = Base.lproj/LaunchScreen.storyboard; sourceTree = "<group>"; };
		B88A340A1E07A76B00741B0D /* Info.plist */ = {isa = PBXFileReference; lastKnownFileType = text.plist.xml; path = Info.plist; sourceTree = "<group>"; };
		B88A34111E07A9D400741B0D /* HLNavigationController.h */ = {isa = PBXFileReference; fileEncoding = 4; lastKnownFileType = sourcecode.c.h; path = HLNavigationController.h; sourceTree = "<group>"; };
		B88A34121E07A9D400741B0D /* HLNavigationController.m */ = {isa = PBXFileReference; fileEncoding = 4; lastKnownFileType = sourcecode.c.objc; path = HLNavigationController.m; sourceTree = "<group>"; };
		B88A34171E07ACD100741B0D /* UIViewController+HLNavigationExtension.h */ = {isa = PBXFileReference; fileEncoding = 4; lastKnownFileType = sourcecode.c.h; path = "UIViewController+HLNavigationExtension.h"; sourceTree = "<group>"; };
		B88A34181E07ACD100741B0D /* UIViewController+HLNavigationExtension.m */ = {isa = PBXFileReference; fileEncoding = 4; lastKnownFileType = sourcecode.c.objc; path = "UIViewController+HLNavigationExtension.m"; sourceTree = "<group>"; };
/* End PBXFileReference section */

/* Begin PBXFrameworksBuildPhase section */
		B88A33F31E07A76B00741B0D /* Frameworks */ = {
			isa = PBXFrameworksBuildPhase;
			buildActionMask = 2147483647;
			files = (
			);
			runOnlyForDeploymentPostprocessing = 0;
		};
/* End PBXFrameworksBuildPhase section */

/* Begin PBXGroup section */
		B82966951E080EEA00D558AC /* Category */ = {
			isa = PBXGroup;
			children = (
				B82966961E080F2500D558AC /* UIColor+RandomColor.h */,
				B82966971E080F2500D558AC /* UIColor+RandomColor.m */,
			);
			path = Category;
			sourceTree = "<group>";
		};
		B88A33ED1E07A76A00741B0D = {
			isa = PBXGroup;
			children = (
				B88A33F81E07A76B00741B0D /* HLNavigationController */,
				B88A33F71E07A76B00741B0D /* Products */,
			);
			sourceTree = "<group>";
		};
		B88A33F71E07A76B00741B0D /* Products */ = {
			isa = PBXGroup;
			children = (
				B88A33F61E07A76B00741B0D /* HLNavigationController.app */,
			);
			name = Products;
			sourceTree = "<group>";
		};
		B88A33F81E07A76B00741B0D /* HLNavigationController */ = {
			isa = PBXGroup;
			children = (
				B82966951E080EEA00D558AC /* Category */,
				B88A34101E07A9B500741B0D /* Class */,
				B88A33FC1E07A76B00741B0D /* AppDelegate.h */,
				B88A33FD1E07A76B00741B0D /* AppDelegate.m */,
				B88A33FF1E07A76B00741B0D /* ViewController.h */,
				B88A34001E07A76B00741B0D /* ViewController.m */,
				B88A34021E07A76B00741B0D /* Main.storyboard */,
				B88A34051E07A76B00741B0D /* Assets.xcassets */,
				B88A34071E07A76B00741B0D /* LaunchScreen.storyboard */,
				B88A340A1E07A76B00741B0D /* Info.plist */,
				B88A33F91E07A76B00741B0D /* Supporting Files */,
				B829668D1E080C0C00D558AC /* MainViewController.h */,
				B829668E1E080C0C00D558AC /* MainViewController.m */,
				B82966901E080C4D00D558AC /* HLViewController.h */,
				B82966911E080C4D00D558AC /* HLViewController.m */,
				B82966921E080C4D00D558AC /* HLViewController.xib */,
			);
			path = HLNavigationController;
			sourceTree = "<group>";
		};
		B88A33F91E07A76B00741B0D /* Supporting Files */ = {
			isa = PBXGroup;
			children = (
				B88A33FA1E07A76B00741B0D /* main.m */,
			);
			name = "Supporting Files";
			sourceTree = "<group>";
		};
		B88A34101E07A9B500741B0D /* Class */ = {
			isa = PBXGroup;
			children = (
				B82966991E080FBE00D558AC /* backImage@2x.png */,
				B829669A1E080FBE00D558AC /* backImage@3x.png */,
				B88A34111E07A9D400741B0D /* HLNavigationController.h */,
				B88A34121E07A9D400741B0D /* HLNavigationController.m */,
				B88A34171E07ACD100741B0D /* UIViewController+HLNavigationExtension.h */,
				B88A34181E07ACD100741B0D /* UIViewController+HLNavigationExtension.m */,
			);
			path = Class;
			sourceTree = "<group>";
		};
/* End PBXGroup section */

/* Begin PBXNativeTarget section */
		B88A33F51E07A76B00741B0D /* HLNavigationController */ = {
			isa = PBXNativeTarget;
			buildConfigurationList = B88A340D1E07A76B00741B0D /* Build configuration list for PBXNativeTarget "HLNavigationController" */;
			buildPhases = (
				B88A33F21E07A76B00741B0D /* Sources */,
				B88A33F31E07A76B00741B0D /* Frameworks */,
				B88A33F41E07A76B00741B0D /* Resources */,
			);
			buildRules = (
			);
			dependencies = (
			);
			name = HLNavigationController;
			productName = HLNavigationController;
			productReference = B88A33F61E07A76B00741B0D /* HLNavigationController.app */;
			productType = "com.apple.product-type.application";
		};
/* End PBXNativeTarget section */

/* Begin PBXProject section */
		B88A33EE1E07A76B00741B0D /* Project object */ = {
			isa = PBXProject;
			attributes = {
				LastUpgradeCheck = 0730;
				ORGANIZATIONNAME = henvy;
				TargetAttributes = {
					B88A33F51E07A76B00741B0D = {
						CreatedOnToolsVersion = 7.3.1;
					};
				};
			};
			buildConfigurationList = B88A33F11E07A76B00741B0D /* Build configuration list for PBXProject "HLNavigationController" */;
			compatibilityVersion = "Xcode 3.2";
			developmentRegion = English;
			hasScannedForEncodings = 0;
			knownRegions = (
				en,
				Base,
			);
			mainGroup = B88A33ED1E07A76A00741B0D;
			productRefGroup = B88A33F71E07A76B00741B0D /* Products */;
			projectDirPath = "";
			projectRoot = "";
			targets = (
				B88A33F51E07A76B00741B0D /* HLNavigationController */,
			);
		};
/* End PBXProject section */

/* Begin PBXResourcesBuildPhase section */
		B88A33F41E07A76B00741B0D /* Resources */ = {
			isa = PBXResourcesBuildPhase;
			buildActionMask = 2147483647;
			files = (
				B82966941E080C4D00D558AC /* HLViewController.xib in Resources */,
				B88A34091E07A76B00741B0D /* LaunchScreen.storyboard in Resources */,
				B829669C1E080FBE00D558AC /* backImage@3x.png in Resources */,
				B88A34061E07A76B00741B0D /* Assets.xcassets in Resources */,
				B88A34041E07A76B00741B0D /* Main.storyboard in Resources */,
				B829669B1E080FBE00D558AC /* backImage@2x.png in Resources */,
			);
			runOnlyForDeploymentPostprocessing = 0;
		};
/* End PBXResourcesBuildPhase section */

/* Begin PBXSourcesBuildPhase section */
		B88A33F21E07A76B00741B0D /* Sources */ = {
			isa = PBXSourcesBuildPhase;
			buildActionMask = 2147483647;
			files = (
				B82966981E080F2500D558AC /* UIColor+RandomColor.m in Sources */,
				B88A34011E07A76B00741B0D /* ViewController.m in Sources */,
				B82966931E080C4D00D558AC /* HLViewController.m in Sources */,
				B829668F1E080C0C00D558AC /* MainViewController.m in Sources */,
				B88A33FE1E07A76B00741B0D /* AppDelegate.m in Sources */,
				B88A33FB1E07A76B00741B0D /* main.m in Sources */,
				B88A34191E07ACD100741B0D /* UIViewController+HLNavigationExtension.m in Sources */,
				B88A34131E07A9D400741B0D /* HLNavigationController.m in Sources */,
			);
			runOnlyForDeploymentPostprocessing = 0;
		};
/* End PBXSourcesBuildPhase section */

/* Begin PBXVariantGroup section */
		B88A34021E07A76B00741B0D /* Main.storyboard */ = {
			isa = PBXVariantGroup;
			children = (
				B88A34031E07A76B00741B0D /* Base */,
			);
			name = Main.storyboard;
			sourceTree = "<group>";
		};
		B88A34071E07A76B00741B0D /* LaunchScreen.storyboard */ = {
			isa = PBXVariantGroup;
			children = (
				B88A34081E07A76B00741B0D /* Base */,
			);
			name = LaunchScreen.storyboard;
			sourceTree = "<group>";
		};
/* End PBXVariantGroup section */

/* Begin XCBuildConfiguration section */
		B88A340B1E07A76B00741B0D /* Debug */ = {
			isa = XCBuildConfiguration;
			buildSettings = {
				ALWAYS_SEARCH_USER_PATHS = NO;
				CLANG_ANALYZER_NONNULL = YES;
				CLANG_CXX_LANGUAGE_STANDARD = "gnu++0x";
				CLANG_CXX_LIBRARY = "libc++";
				CLANG_ENABLE_MODULES = YES;
				CLANG_ENABLE_OBJC_ARC = YES;
				CLANG_WARN_BOOL_CONVERSION = YES;
				CLANG_WARN_CONSTANT_CONVERSION = YES;
				CLANG_WARN_DIRECT_OBJC_ISA_USAGE = YES_ERROR;
				CLANG_WARN_EMPTY_BODY = YES;
				CLANG_WARN_ENUM_CONVERSION = YES;
				CLANG_WARN_INT_CONVERSION = YES;
				CLANG_WARN_OBJC_ROOT_CLASS = YES_ERROR;
				CLANG_WARN_UNREACHABLE_CODE = YES;
				CLANG_WARN__DUPLICATE_METHOD_MATCH = YES;
				"CODE_SIGN_IDENTITY[sdk=iphoneos*]" = "iPhone Developer";
				COPY_PHASE_STRIP = NO;
				DEBUG_INFORMATION_FORMAT = dwarf;
				ENABLE_STRICT_OBJC_MSGSEND = YES;
				ENABLE_TESTABILITY = YES;
				GCC_C_LANGUAGE_STANDARD = gnu99;
				GCC_DYNAMIC_NO_PIC = NO;
				GCC_NO_COMMON_BLOCKS = YES;
				GCC_OPTIMIZATION_LEVEL = 0;
				GCC_PREPROCESSOR_DEFINITIONS = (
					"DEBUG=1",
					"$(inherited)",
				);
				GCC_WARN_64_TO_32_BIT_CONVERSION = YES;
				GCC_WARN_ABOUT_RETURN_TYPE = YES_ERROR;
				GCC_WARN_UNDECLARED_SELECTOR = YES;
				GCC_WARN_UNINITIALIZED_AUTOS = YES_AGGRESSIVE;
				GCC_WARN_UNUSED_FUNCTION = YES;
				GCC_WARN_UNUSED_VARIABLE = YES;
				IPHONEOS_DEPLOYMENT_TARGET = 9.3;
				MTL_ENABLE_DEBUG_INFO = YES;
				ONLY_ACTIVE_ARCH = YES;
				SDKROOT = iphoneos;
				TARGETED_DEVICE_FAMILY = "1,2";
			};
			name = Debug;
		};
		B88A340C1E07A76B00741B0D /* Release */ = {
			isa = XCBuildConfiguration;
			buildSettings = {
				ALWAYS_SEARCH_USER_PATHS = NO;
				CLANG_ANALYZER_NONNULL = YES;
				CLANG_CXX_LANGUAGE_STANDARD = "gnu++0x";
				CLANG_CXX_LIBRARY = "libc++";
				CLANG_ENABLE_MODULES = YES;
				CLANG_ENABLE_OBJC_ARC = YES;
				CLANG_WARN_BOOL_CONVERSION = YES;
				CLANG_WARN_CONSTANT_CONVERSION = YES;
				CLANG_WARN_DIRECT_OBJC_ISA_USAGE = YES_ERROR;
				CLANG_WARN_EMPTY_BODY = YES;
				CLANG_WARN_ENUM_CONVERSION = YES;
				CLANG_WARN_INT_CONVERSION = YES;
				CLANG_WARN_OBJC_ROOT_CLASS = YES_ERROR;
				CLANG_WARN_UNREACHABLE_CODE = YES;
				CLANG_WARN__DUPLICATE_METHOD_MATCH = YES;
				"CODE_SIGN_IDENTITY[sdk=iphoneos*]" = "iPhone Developer";
				COPY_PHASE_STRIP = NO;
				DEBUG_INFORMATION_FORMAT = "dwarf-with-dsym";
				ENABLE_NS_ASSERTIONS = NO;
				ENABLE_STRICT_OBJC_MSGSEND = YES;
				GCC_C_LANGUAGE_STANDARD = gnu99;
				GCC_NO_COMMON_BLOCKS = YES;
				GCC_WARN_64_TO_32_BIT_CONVERSION = YES;
				GCC_WARN_ABOUT_RETURN_TYPE = YES_ERROR;
				GCC_WARN_UNDECLARED_SELECTOR = YES;
				GCC_WARN_UNINITIALIZED_AUTOS = YES_AGGRESSIVE;
				GCC_WARN_UNUSED_FUNCTION = YES;
				GCC_WARN_UNUSED_VARIABLE = YES;
				IPHONEOS_DEPLOYMENT_TARGET = 9.3;
				MTL_ENABLE_DEBUG_INFO = NO;
				SDKROOT = iphoneos;
				TARGETED_DEVICE_FAMILY = "1,2";
				VALIDATE_PRODUCT = YES;
			};
			name = Release;
		};
		B88A340E1E07A76B00741B0D /* Debug */ = {
			isa = XCBuildConfiguration;
			buildSettings = {
				ASSETCATALOG_COMPILER_APPICON_NAME = AppIcon;
				INFOPLIST_FILE = HLNavigationController/Info.plist;
				LD_RUNPATH_SEARCH_PATHS = "$(inherited) @executable_path/Frameworks";
				PRODUCT_BUNDLE_IDENTIFIER = com.sjgz.HLNavigationController;
				PRODUCT_NAME = "$(TARGET_NAME)";
			};
			name = Debug;
		};
		B88A340F1E07A76B00741B0D /* Release */ = {
			isa = XCBuildConfiguration;
			buildSettings = {
				ASSETCATALOG_COMPILER_APPICON_NAME = AppIcon;
				INFOPLIST_FILE = HLNavigationController/Info.plist;
				LD_RUNPATH_SEARCH_PATHS = "$(inherited) @executable_path/Frameworks";
				PRODUCT_BUNDLE_IDENTIFIER = com.sjgz.HLNavigationController;
				PRODUCT_NAME = "$(TARGET_NAME)";
			};
			name = Release;
		};
/* End XCBuildConfiguration section */

/* Begin XCConfigurationList section */
		B88A33F11E07A76B00741B0D /* Build configuration list for PBXProject "HLNavigationController" */ = {
			isa = XCConfigurationList;
			buildConfigurations = (
				B88A340B1E07A76B00741B0D /* Debug */,
				B88A340C1E07A76B00741B0D /* Release */,
			);
			defaultConfigurationIsVisible = 0;
			defaultConfigurationName = Release;
		};
		B88A340D1E07A76B00741B0D /* Build configuration list for PBXNativeTarget "HLNavigationController" */ = {
			isa = XCConfigurationList;
			buildConfigurations = (
				B88A340E1E07A76B00741B0D /* Debug */,
				B88A340F1E07A76B00741B0D /* Release */,
			);
			defaultConfigurationIsVisible = 0;
			defaultConfigurationName = Release;
		};
/* End XCConfigurationList section */
	};
	rootObject = B88A33EE1E07A76B00741B0D /* Project object */;
}
